{
  "name": "@jyskebank/jb-foo",
  "version": "0.0.5",
  "lockfileVersion": 1,
  "requires": true,
  "dependencies": {
    "@jyskebank/jb-bar": {
      "version": "git+https://github.com/dalsgaard/jb-bar.git#3c6cd3b10f728c0498f5c95fd1556bf0de79b811",
      "from": "git+https://github.com/dalsgaard/jb-bar.git#v0.0.2",
      "requires": {
        "@jyskebank/jb-baz": "git+https://github.com/dalsgaard/jb-baz.git#86c3ef52d92a768dfde41cf6d6e176514057ce19"
      }
    },
    "@jyskebank/jb-baz": {
      "version": "git+https://github.com/dalsgaard/jb-baz.git#86c3ef52d92a768dfde41cf6d6e176514057ce19",
      "from": "git+https://github.com/dalsgaard/jb-baz.git#develop"
    }
  }
}
