{
  "name": "@jyskebank/jb-foo",
  "version": "0.0.1",
  "lockfileVersion": 1,
  "requires": true,
  "dependencies": {
    "@jyskebank/jb-bar": {
      "version": "git+https://github.com/dalsgaard/jb-bar.git#35119effee16fc6231c31d0cb31b9d66e9f1b664",
      "from": "git+https://github.com/dalsgaard/jb-bar.git"
    }
  }
}
